
Microsoft Visual Studio Solution File, Format Version 12.00
# Visual Studio Version 17
VisualStudioVersion = 17.4.33403.182
MinimumVisualStudioVersion = 10.0.40219.1
Project("{FAE04EC0-301F-11D3-BF4B-00C04F79EFBC}") = "TestApp", "TestApp\TestApp.csproj", "{FE081029-7EF6-4F0D-9614-6C7744F18A2A}"
EndProject
Global
	GlobalSection(SolutionConfigurationPlatforms) = preSolution
		Debug|Any CPU = Debug|Any CPU
		Release|Any CPU = Release|Any CPU
	EndGlobalSection
	GlobalSection(ProjectConfigurationPlatforms) = postSolution
		{FE081029-7EF6-4F0D-9614-6C7744F18A2A}.Debug|Any CPU.ActiveCfg = Debug|Any CPU
		{FE081029-7EF6-4F0D-9614-6C7744F18A2A}.Debug|Any CPU.Build.0 = Debug|Any CPU
		{FE081029-7EF6-4F0D-9614-6C7744F18A2A}.Release|Any CPU.ActiveCfg = Release|Any CPU
		{FE081029-7EF6-4F0D-9614-6C7744F18A2A}.Release|Any CPU.Build.0 = Release|Any CPU
	EndGlobalSection
	GlobalSection(SolutionProperties) = preSolution
		HideSolutionNode = FALSE
	EndGlobalSection
	GlobalSection(ExtensibilityGlobals) = postSolution
		SolutionGuid = {8209C678-39CC-4F02-A55B-B72FA7EB0DAF}
	EndGlobalSection
EndGlobal
